
Microsoft Visual Studio Solution File, Format Version 12.00
# Visual Studio Version 17
VisualStudioVersion = 17.1.32210.238
MinimumVisualStudioVersion = 10.0.40219.1
Project("{FAE04EC0-301F-11D3-BF4B-00C04F79EFBC}") = "CustomVision02", "CustomVision02\CustomVision02.csproj", "{2D03E001-F441-47CA-83AA-9A1D1BB16E17}"
EndProject
Global
	GlobalSection(SolutionConfigurationPlatforms) = preSolution
		Debug|Any CPU = Debug|Any CPU
		Release|Any CPU = Release|Any CPU
	EndGlobalSection
	GlobalSection(ProjectConfigurationPlatforms) = postSolution
		{2D03E001-F441-47CA-83AA-9A1D1BB16E17}.Debug|Any CPU.ActiveCfg = Debug|Any CPU
		{2D03E001-F441-47CA-83AA-9A1D1BB16E17}.Debug|Any CPU.Build.0 = Debug|Any CPU
		{2D03E001-F441-47CA-83AA-9A1D1BB16E17}.Release|Any CPU.ActiveCfg = Release|Any CPU
		{2D03E001-F441-47CA-83AA-9A1D1BB16E17}.Release|Any CPU.Build.0 = Release|Any CPU
	EndGlobalSection
	GlobalSection(SolutionProperties) = preSolution
		HideSolutionNode = FALSE
	EndGlobalSection
	GlobalSection(ExtensibilityGlobals) = postSolution
		SolutionGuid = {A2C9F9E1-DB6D-49D2-BEE0-231CEA7989FA}
	EndGlobalSection
EndGlobal
